
Microsoft Visual Studio Solution File, Format Version 12.00
# Visual Studio 15
VisualStudioVersion = 15.0.28307.960
MinimumVisualStudioVersion = 10.0.40219.1
Project("{FAE04EC0-301F-11D3-BF4B-00C04F79EFBC}") = "SampleExecutor", "SampleExecutor\SampleExecutor.csproj", "{612BF3AB-571D-4ADF-AC20-47C20A7E991D}"
EndProject
Project("{FAE04EC0-301F-11D3-BF4B-00C04F79EFBC}") = "ExecutorBase", "ExecutorBase\ExecutorBase.csproj", "{A1583FD7-7985-47DD-A835-8134DBF5811C}"
EndProject
Global
	GlobalSection(SolutionConfigurationPlatforms) = preSolution
		Debug|Any CPU = Debug|Any CPU
		Release|Any CPU = Release|Any CPU
	EndGlobalSection
	GlobalSection(ProjectConfigurationPlatforms) = postSolution
		{612BF3AB-571D-4ADF-AC20-47C20A7E991D}.Debug|Any CPU.ActiveCfg = Debug|Any CPU
		{612BF3AB-571D-4ADF-AC20-47C20A7E991D}.Debug|Any CPU.Build.0 = Debug|Any CPU
		{612BF3AB-571D-4ADF-AC20-47C20A7E991D}.Release|Any CPU.ActiveCfg = Release|Any CPU
		{612BF3AB-571D-4ADF-AC20-47C20A7E991D}.Release|Any CPU.Build.0 = Release|Any CPU
		{A1583FD7-7985-47DD-A835-8134DBF5811C}.Debug|Any CPU.ActiveCfg = Debug|Any CPU
		{A1583FD7-7985-47DD-A835-8134DBF5811C}.Debug|Any CPU.Build.0 = Debug|Any CPU
		{A1583FD7-7985-47DD-A835-8134DBF5811C}.Release|Any CPU.ActiveCfg = Release|Any CPU
		{A1583FD7-7985-47DD-A835-8134DBF5811C}.Release|Any CPU.Build.0 = Release|Any CPU
	EndGlobalSection
	GlobalSection(SolutionProperties) = preSolution
		HideSolutionNode = FALSE
	EndGlobalSection
	GlobalSection(ExtensibilityGlobals) = postSolution
		SolutionGuid = {06D9979A-1D52-4DD2-A3A9-4644C7304AAE}
	EndGlobalSection
EndGlobal
