
Microsoft Visual Studio Solution File, Format Version 12.00
# Visual Studio 15
VisualStudioVersion = 15.0.28307.960
MinimumVisualStudioVersion = 10.0.40219.1
Project("{FAE04EC0-301F-11D3-BF4B-00C04F79EFBC}") = "WindBot", "WindBot.csproj", "{3E7FAF67-A27D-4A61-B161-93AD4414183E}"
EndProject
Project("{FAE04EC0-301F-11D3-BF4B-00C04F79EFBC}") = "libWindbot", "libWindbot.csproj", "{5BCF813B-671E-4B2C-B01E-3EACDC536B65}"
EndProject
Global
	GlobalSection(SolutionConfigurationPlatforms) = preSolution
		Debug|Any CPU = Debug|Any CPU
		Debug|x86 = Debug|x86
		Release|Any CPU = Release|Any CPU
		Release|x86 = Release|x86
	EndGlobalSection
	GlobalSection(ProjectConfigurationPlatforms) = postSolution
		{3E7FAF67-A27D-4A61-B161-93AD4414183E}.Debug|Any CPU.ActiveCfg = Debug|x86
		{3E7FAF67-A27D-4A61-B161-93AD4414183E}.Debug|x86.ActiveCfg = Debug|x86
		{3E7FAF67-A27D-4A61-B161-93AD4414183E}.Debug|x86.Build.0 = Debug|x86
		{3E7FAF67-A27D-4A61-B161-93AD4414183E}.Release|Any CPU.ActiveCfg = Release|x86
		{3E7FAF67-A27D-4A61-B161-93AD4414183E}.Release|x86.ActiveCfg = Release|x86
		{3E7FAF67-A27D-4A61-B161-93AD4414183E}.Release|x86.Build.0 = Release|x86
		{5BCF813B-671E-4B2C-B01E-3EACDC536B65}.Debug|Any CPU.ActiveCfg = Debug|Any CPU
		{5BCF813B-671E-4B2C-B01E-3EACDC536B65}.Debug|Any CPU.Build.0 = Debug|Any CPU
		{5BCF813B-671E-4B2C-B01E-3EACDC536B65}.Debug|x86.ActiveCfg = Debug|Any CPU
		{5BCF813B-671E-4B2C-B01E-3EACDC536B65}.Debug|x86.Build.0 = Debug|Any CPU
		{5BCF813B-671E-4B2C-B01E-3EACDC536B65}.Release|Any CPU.ActiveCfg = Release|Any CPU
		{5BCF813B-671E-4B2C-B01E-3EACDC536B65}.Release|Any CPU.Build.0 = Release|Any CPU
		{5BCF813B-671E-4B2C-B01E-3EACDC536B65}.Release|x86.ActiveCfg = Release|Any CPU
		{5BCF813B-671E-4B2C-B01E-3EACDC536B65}.Release|x86.Build.0 = Release|Any CPU
	EndGlobalSection
	GlobalSection(SolutionProperties) = preSolution
		HideSolutionNode = FALSE
	EndGlobalSection
	GlobalSection(ExtensibilityGlobals) = postSolution
		SolutionGuid = {86299176-31F0-4A85-9786-8252D709AF71}
	EndGlobalSection
EndGlobal
